
Microsoft Visual Studio Solution File, Format Version 12.00
# Visual Studio Version 17
VisualStudioVersion = 17.5.33502.453
MinimumVisualStudioVersion = 10.0.40219.1
Project("{9A19103F-16F7-4668-BE54-9A1E7A4F7556}") = "CS115_List_SortedList", "CS115_List_SortedList.csproj", "{70D62BB5-2C6E-469D-BC4C-8086F3952325}"
EndProject
Global
	GlobalSection(SolutionConfigurationPlatforms) = preSolution
		Debug|Any CPU = Debug|Any CPU
		Release|Any CPU = Release|Any CPU
	EndGlobalSection
	GlobalSection(ProjectConfigurationPlatforms) = postSolution
		{70D62BB5-2C6E-469D-BC4C-8086F3952325}.Debug|Any CPU.ActiveCfg = Debug|Any CPU
		{70D62BB5-2C6E-469D-BC4C-8086F3952325}.Debug|Any CPU.Build.0 = Debug|Any CPU
		{70D62BB5-2C6E-469D-BC4C-8086F3952325}.Release|Any CPU.ActiveCfg = Release|Any CPU
		{70D62BB5-2C6E-469D-BC4C-8086F3952325}.Release|Any CPU.Build.0 = Release|Any CPU
	EndGlobalSection
	GlobalSection(SolutionProperties) = preSolution
		HideSolutionNode = FALSE
	EndGlobalSection
	GlobalSection(ExtensibilityGlobals) = postSolution
		SolutionGuid = {1C48A547-7E06-4DB2-8AB7-4BD48A4DD5F9}
	EndGlobalSection
EndGlobal
