
Microsoft Visual Studio Solution File, Format Version 12.00
# Visual Studio Version 17
VisualStudioVersion = 17.6.33801.468
MinimumVisualStudioVersion = 10.0.40219.1
Project("{9A19103F-16F7-4668-BE54-9A1E7A4F7556}") = "CS121_Inpendency_Injection", "CS121_Inpendency_Injection.csproj", "{CBCFB984-99AB-4B43-B9FB-BE5212BA1793}"
EndProject
Global
	GlobalSection(SolutionConfigurationPlatforms) = preSolution
		Debug|Any CPU = Debug|Any CPU
		Release|Any CPU = Release|Any CPU
	EndGlobalSection
	GlobalSection(ProjectConfigurationPlatforms) = postSolution
		{CBCFB984-99AB-4B43-B9FB-BE5212BA1793}.Debug|Any CPU.ActiveCfg = Debug|Any CPU
		{CBCFB984-99AB-4B43-B9FB-BE5212BA1793}.Debug|Any CPU.Build.0 = Debug|Any CPU
		{CBCFB984-99AB-4B43-B9FB-BE5212BA1793}.Release|Any CPU.ActiveCfg = Release|Any CPU
		{CBCFB984-99AB-4B43-B9FB-BE5212BA1793}.Release|Any CPU.Build.0 = Release|Any CPU
	EndGlobalSection
	GlobalSection(SolutionProperties) = preSolution
		HideSolutionNode = FALSE
	EndGlobalSection
	GlobalSection(ExtensibilityGlobals) = postSolution
		SolutionGuid = {A20DE3D8-C6CE-4CF2-922B-4975D1E2C92C}
	EndGlobalSection
EndGlobal
