
Microsoft Visual Studio Solution File, Format Version 12.00
# Visual Studio Version 17
VisualStudioVersion = 17.5.33502.453
MinimumVisualStudioVersion = 10.0.40219.1
Project("{9A19103F-16F7-4668-BE54-9A1E7A4F7556}") = "CS112_StaticMethod_ReadonlyField", "CS112_StaticMethod_ReadonlyField.csproj", "{FB4756C3-1044-4BC5-8889-081F872F0375}"
EndProject
Global
	GlobalSection(SolutionConfigurationPlatforms) = preSolution
		Debug|Any CPU = Debug|Any CPU
		Release|Any CPU = Release|Any CPU
	EndGlobalSection
	GlobalSection(ProjectConfigurationPlatforms) = postSolution
		{FB4756C3-1044-4BC5-8889-081F872F0375}.Debug|Any CPU.ActiveCfg = Debug|Any CPU
		{FB4756C3-1044-4BC5-8889-081F872F0375}.Debug|Any CPU.Build.0 = Debug|Any CPU
		{FB4756C3-1044-4BC5-8889-081F872F0375}.Release|Any CPU.ActiveCfg = Release|Any CPU
		{FB4756C3-1044-4BC5-8889-081F872F0375}.Release|Any CPU.Build.0 = Release|Any CPU
	EndGlobalSection
	GlobalSection(SolutionProperties) = preSolution
		HideSolutionNode = FALSE
	EndGlobalSection
	GlobalSection(ExtensibilityGlobals) = postSolution
		SolutionGuid = {6F8FA4FB-04C7-41E5-A067-B82758DBBC6C}
	EndGlobalSection
EndGlobal
