
Microsoft Visual Studio Solution File, Format Version 12.00
# Visual Studio Version 17
VisualStudioVersion = 17.6.33801.468
MinimumVisualStudioVersion = 10.0.40219.1
Project("{9A19103F-16F7-4668-BE54-9A1E7A4F7556}") = "CS109_Lambda_Practice", "CS109_Lambda_Practice.csproj", "{8956EDBB-98A1-4AAE-9A37-60D0B8458E21}"
EndProject
Global
	GlobalSection(SolutionConfigurationPlatforms) = preSolution
		Debug|Any CPU = Debug|Any CPU
		Release|Any CPU = Release|Any CPU
	EndGlobalSection
	GlobalSection(ProjectConfigurationPlatforms) = postSolution
		{8956EDBB-98A1-4AAE-9A37-60D0B8458E21}.Debug|Any CPU.ActiveCfg = Debug|Any CPU
		{8956EDBB-98A1-4AAE-9A37-60D0B8458E21}.Debug|Any CPU.Build.0 = Debug|Any CPU
		{8956EDBB-98A1-4AAE-9A37-60D0B8458E21}.Release|Any CPU.ActiveCfg = Release|Any CPU
		{8956EDBB-98A1-4AAE-9A37-60D0B8458E21}.Release|Any CPU.Build.0 = Release|Any CPU
	EndGlobalSection
	GlobalSection(SolutionProperties) = preSolution
		HideSolutionNode = FALSE
	EndGlobalSection
	GlobalSection(ExtensibilityGlobals) = postSolution
		SolutionGuid = {FA65F0F5-4F67-4945-AB1F-D73AC78391A7}
	EndGlobalSection
EndGlobal
