
Microsoft Visual Studio Solution File, Format Version 12.00
# Visual Studio Version 17
VisualStudioVersion = 17.5.33502.453
MinimumVisualStudioVersion = 10.0.40219.1
Project("{9A19103F-16F7-4668-BE54-9A1E7A4F7556}") = "CS105_Generic", "CS105_Generic.csproj", "{A9341880-721C-4F11-BC1E-40A968EA46DB}"
EndProject
Global
	GlobalSection(SolutionConfigurationPlatforms) = preSolution
		Debug|Any CPU = Debug|Any CPU
		Release|Any CPU = Release|Any CPU
	EndGlobalSection
	GlobalSection(ProjectConfigurationPlatforms) = postSolution
		{A9341880-721C-4F11-BC1E-40A968EA46DB}.Debug|Any CPU.ActiveCfg = Debug|Any CPU
		{A9341880-721C-4F11-BC1E-40A968EA46DB}.Debug|Any CPU.Build.0 = Debug|Any CPU
		{A9341880-721C-4F11-BC1E-40A968EA46DB}.Release|Any CPU.ActiveCfg = Release|Any CPU
		{A9341880-721C-4F11-BC1E-40A968EA46DB}.Release|Any CPU.Build.0 = Release|Any CPU
	EndGlobalSection
	GlobalSection(SolutionProperties) = preSolution
		HideSolutionNode = FALSE
	EndGlobalSection
	GlobalSection(ExtensibilityGlobals) = postSolution
		SolutionGuid = {976D8316-BD2B-4902-A410-DCF2136D990F}
	EndGlobalSection
EndGlobal
