
Microsoft Visual Studio Solution File, Format Version 12.00
# Visual Studio Version 17
VisualStudioVersion = 17.6.33801.468
MinimumVisualStudioVersion = 10.0.40219.1
Project("{9A19103F-16F7-4668-BE54-9A1E7A4F7556}") = "CS120_Asynchronous", "CS120_Asynchronous.csproj", "{9FF03F2F-B723-4692-BF84-821B35225502}"
EndProject
Project("{FAE04EC0-301F-11D3-BF4B-00C04F79EFBC}") = "Practice", "..\Practice\Practice.csproj", "{5124BB27-2DFE-46E4-ADF1-1C26640D578C}"
EndProject
Global
	GlobalSection(SolutionConfigurationPlatforms) = preSolution
		Debug|Any CPU = Debug|Any CPU
		Release|Any CPU = Release|Any CPU
	EndGlobalSection
	GlobalSection(ProjectConfigurationPlatforms) = postSolution
		{9FF03F2F-B723-4692-BF84-821B35225502}.Debug|Any CPU.ActiveCfg = Debug|Any CPU
		{9FF03F2F-B723-4692-BF84-821B35225502}.Debug|Any CPU.Build.0 = Debug|Any CPU
		{9FF03F2F-B723-4692-BF84-821B35225502}.Release|Any CPU.ActiveCfg = Release|Any CPU
		{9FF03F2F-B723-4692-BF84-821B35225502}.Release|Any CPU.Build.0 = Release|Any CPU
		{5124BB27-2DFE-46E4-ADF1-1C26640D578C}.Debug|Any CPU.ActiveCfg = Debug|Any CPU
		{5124BB27-2DFE-46E4-ADF1-1C26640D578C}.Debug|Any CPU.Build.0 = Debug|Any CPU
		{5124BB27-2DFE-46E4-ADF1-1C26640D578C}.Release|Any CPU.ActiveCfg = Release|Any CPU
		{5124BB27-2DFE-46E4-ADF1-1C26640D578C}.Release|Any CPU.Build.0 = Release|Any CPU
	EndGlobalSection
	GlobalSection(SolutionProperties) = preSolution
		HideSolutionNode = FALSE
	EndGlobalSection
	GlobalSection(ExtensibilityGlobals) = postSolution
		SolutionGuid = {711431CA-EF7D-49E0-A44D-86D1519BB3FD}
	EndGlobalSection
EndGlobal
